# THIS IS AN AUTOGENERATED FILE. DO NOT EDIT THIS FILE DIRECTLY.
# yarn lockfile v1


klona@^2.0.4:
  version "2.0.4"
  resolved "https://registry.yarnpkg.com/klona/-/klona-2.0.4.tgz#7bb1e3affb0cb8624547ef7e8f6708ea2e39dfc0"
  integrity sha512-ZRbnvdg/NxqzC7L9Uyqzf4psi1OM4Cuc+sJAkQPjO6XkQIJTNbfK2Rsmbw8fx1p2mkZdp2FZYo2+LwXYY/uwIA==

neo-async@^2.6.2:
  version "2.6.2"
  resolved "https://registry.yarnpkg.com/neo-async/-/neo-async-2.6.2.tgz#b4aafb93e3aeb2d8174ca53cf163ab7d7308305f"
  integrity sha512-Yd3UES5mWCSqR+qNT93S3UoYUkqAZ9lLg8a7g9rimsWmYGK8cVToA4/sF3RrshdyV3sAGMXVUmpMYOw+dLpOuw==

sass-loader@^11.0.1:
  version "11.1.0"
  resolved "https://registry.yarnpkg.com/sass-loader/-/sass-loader-11.1.0.tgz#302a83e41834a7ac0cc9d7591e52688ef4ed92af"
  integrity sha512-TS8KtLtMAqK68lBs0PRzoGf7ndz9m7pKo4BXvUzjGDDgWEY0qcoMMRVpaHfYM0i3/E6UsererqIpjs7dVA/p7A==
  dependencies:
    klona "^2.0.4"
    neo-async "^2.6.2"
